<?xml version="1.0" encoding="utf-8"?>
<Project ToolsVersion="4.0" xmlns="http://schemas.microsoft.com/developer/msbuild/2003">
  <ItemGroup>
    <Filter Include="Source Files">
      <UniqueIdentifier>{4FC737F1-C7A5-4376-A066-2A32D752A2FF}</UniqueIdentifier>
      <Extensions>cpp;c;cc;cxx;def;odl;idl;hpj;bat;asm;asmx</Extensions>
    </Filter>
    <Filter Include="Header Files">
      <UniqueIdentifier>{93995380-89BD-4b04-88EB-625FBE52EBFB}</UniqueIdentifier>
      <Extensions>h;hpp;hxx;hm;inl;inc;xsd</Extensions>
    </Filter>
    <Filter Include="Resource Files">
      <UniqueIdentifier>{67DA6AB6-F800-4c08-8B7A-83BB121AAD01}</UniqueIdentifier>
      <Extensions>rc;ico;cur;bmp;dlg;rc2;rct;bin;rgs;gif;jpg;jpeg;jpe;resx;tiff;tif;png;wav;mfcribbon-ms</Extensions>
    </Filter>
    <Filter Include="Header Files\inc">
      <UniqueIdentifier>{0165e2f2-65e4-434c-a9c1-6f13226151bf}</UniqueIdentifier>
    </Filter>
    <Filter Include="Source Files\api">
      <UniqueIdentifier>{e41ec327-27b4-4c9e-9f44-2a2addc132d2}</UniqueIdentifier>
    </Filter>
    <Filter Include="Source Files\gena">
      <UniqueIdentifier>{92200f4c-3891-4230-add9-8950b872f0bb}</UniqueIdentifier>
    </Filter>
    <Filter Include="Source Files\genlib">
      <UniqueIdentifier>{d7c1761a-70f1-46c6-bd8c-26a639db1060}</UniqueIdentifier>
    </Filter>
    <Filter Include="Source Files\genlib\client_table">
      <UniqueIdentifier>{d7c83aeb-34d9-478f-8b3b-a944ec63f51e}</UniqueIdentifier>
    </Filter>
    <Filter Include="Source Files\genlib\miniserver">
      <UniqueIdentifier>{e5a26e8f-513a-40ad-af6b-00b3e2b0ebc3}</UniqueIdentifier>
    </Filter>
    <Filter Include="Source Files\genlib\net">
      <UniqueIdentifier>{4d25775c-d18a-4175-b8a5-9391c0b4e8da}</UniqueIdentifier>
    </Filter>
    <Filter Include="Source Files\genlib\service_table">
      <UniqueIdentifier>{ab3c9086-8e22-48e3-afb4-c5950606ce3d}</UniqueIdentifier>
    </Filter>
    <Filter Include="Source Files\genlib\util">
      <UniqueIdentifier>{37e9b350-fb3a-4820-a4b6-20ef54d33b9e}</UniqueIdentifier>
    </Filter>
    <Filter Include="Source Files\genlib\net\http">
      <UniqueIdentifier>{7bfdb9a9-4383-4e01-ae65-27fced147f1d}</UniqueIdentifier>
    </Filter>
    <Filter Include="Source Files\genlib\net\uri">
      <UniqueIdentifier>{b538e2d5-89ba-4f44-a1ee-407e22ecaa22}</UniqueIdentifier>
    </Filter>
    <Filter Include="Source Files\soap">
      <UniqueIdentifier>{a36961fe-c325-4569-8999-40c33b0780bd}</UniqueIdentifier>
    </Filter>
    <Filter Include="Header Files\ssdp">
      <UniqueIdentifier>{2f74af43-baf6-4a2b-91cd-b5d1c25878ba}</UniqueIdentifier>
    </Filter>
    <Filter Include="Source Files\urlconfig">
      <UniqueIdentifier>{7905c789-a801-4d02-bc95-ea39c014a030}</UniqueIdentifier>
    </Filter>
    <Filter Include="Source Files\ssdp">
      <UniqueIdentifier>{751f9372-5a64-4a04-9097-a4a0f11b6d5a}</UniqueIdentifier>
    </Filter>
    <Filter Include="Source Files\uuid">
      <UniqueIdentifier>{d55fbf82-2dfb-4ba2-bdc9-0e1b349a0422}</UniqueIdentifier>
    </Filter>
  </ItemGroup>
  <ItemGroup>
    <ClInclude Include="..\..\include\upnp\ActionComplete.h">
      <Filter>Header Files</Filter>
    </ClInclude>
    <ClInclude Include="..\..\include\upnp\ActionRequest.h">
      <Filter>Header Files</Filter>
    </ClInclude>
    <ClInclude Include="..\..\include\upnp\Callback.h">
      <Filter>Header Files</Filter>
    </ClInclude>
    <ClInclude Include="..\..\include\upnp\Discovery.h">
      <Filter>Header Files</Filter>
    </ClInclude>
    <ClInclude Include="..\..\include\upnp\Event.h">
      <Filter>Header Files</Filter>
    </ClInclude>
    <ClInclude Include="..\..\include\upnp\EventSubscribe.h">
      <Filter>Header Files</Filter>
    </ClInclude>
    <ClInclude Include="..\..\include\upnp\FileInfo.h">
      <Filter>Header Files</Filter>
    </ClInclude>
    <ClInclude Include="..\..\include\upnp\list.h">
      <Filter>Header Files</Filter>
    </ClInclude>
    <ClInclude Include="..\..\include\upnp\poison.h">
      <Filter>Header Files</Filter>
    </ClInclude>
    <ClInclude Include="..\..\include\upnp\StateVarComplete.h">
      <Filter>Header Files</Filter>
    </ClInclude>
    <ClInclude Include="..\..\include\upnp\StateVarRequest.h">
      <Filter>Header Files</Filter>
    </ClInclude>
    <ClInclude Include="..\..\include\upnp\SubscriptionRequest.h">
      <Filter>Header Files</Filter>
    </ClInclude>
    <ClInclude Include="..\..\include\upnp\TemplateInclude.h">
      <Filter>Header Files</Filter>
    </ClInclude>
    <ClInclude Include="..\..\include\upnp\TemplateSource.h">
      <Filter>Header Files</Filter>
    </ClInclude>
    <ClInclude Include="..\..\include\upnp\TemplateUndef.h">
      <Filter>Header Files</Filter>
    </ClInclude>
    <ClInclude Include="..\..\include\upnp\upnp.h">
      <Filter>Header Files</Filter>
    </ClInclude>
    <ClInclude Include="..\..\include\upnp\upnpdebug.h">
      <Filter>Header Files</Filter>
    </ClInclude>
    <ClInclude Include="..\..\include\upnp\UpnpGlobal.h">
      <Filter>Header Files</Filter>
    </ClInclude>
    <ClInclude Include="..\..\include\upnp\UpnpInet.h">
      <Filter>Header Files</Filter>
    </ClInclude>
    <ClInclude Include="..\..\include\upnp\UpnpIntTypes.h">
      <Filter>Header Files</Filter>
    </ClInclude>
    <ClInclude Include="..\..\include\upnp\UpnpStdInt.h">
      <Filter>Header Files</Filter>
    </ClInclude>
    <ClInclude Include="..\..\include\upnp\UpnpString.h">
      <Filter>Header Files</Filter>
    </ClInclude>
    <ClInclude Include="..\..\include\upnp\upnptools.h">
      <Filter>Header Files</Filter>
    </ClInclude>
    <ClInclude Include="..\..\include\upnp\UpnpUniStd.h">
      <Filter>Header Files</Filter>
    </ClInclude>
    <ClInclude Include="..\..\src\upnp\inc\client_table.h">
      <Filter>Header Files\inc</Filter>
    </ClInclude>
    <ClInclude Include="..\..\src\upnp\inc\ClientSubscription.h">
      <Filter>Header Files\inc</Filter>
    </ClInclude>
    <ClInclude Include="..\..\src\upnp\inc\config.h">
      <Filter>Header Files\inc</Filter>
    </ClInclude>
    <ClInclude Include="..\..\src\upnp\inc\gena.h">
      <Filter>Header Files\inc</Filter>
    </ClInclude>
    <ClInclude Include="..\..\src\upnp\inc\gena_ctrlpt.h">
      <Filter>Header Files\inc</Filter>
    </ClInclude>
    <ClInclude Include="..\..\src\upnp\inc\gena_device.h">
      <Filter>Header Files\inc</Filter>
    </ClInclude>
    <ClInclude Include="..\..\src\upnp\inc\global.h">
      <Filter>Header Files\inc</Filter>
    </ClInclude>
    <ClInclude Include="..\..\src\upnp\inc\gmtdate.h">
      <Filter>Header Files\inc</Filter>
    </ClInclude>
    <ClInclude Include="..\..\src\upnp\inc\httpparser.h">
      <Filter>Header Files\inc</Filter>
    </ClInclude>
    <ClInclude Include="..\..\src\upnp\inc\httpreadwrite.h">
      <Filter>Header Files\inc</Filter>
    </ClInclude>
    <ClInclude Include="..\..\src\upnp\inc\inet_pton.h">
      <Filter>Header Files\inc</Filter>
    </ClInclude>
    <ClInclude Include="..\..\src\upnp\inc\md5.h">
      <Filter>Header Files\inc</Filter>
    </ClInclude>
    <ClInclude Include="..\..\src\upnp\inc\membuffer.h">
      <Filter>Header Files\inc</Filter>
    </ClInclude>
    <ClInclude Include="..\..\src\upnp\inc\miniserver.h">
      <Filter>Header Files\inc</Filter>
    </ClInclude>
    <ClInclude Include="..\..\src\upnp\inc\netall.h">
      <Filter>Header Files\inc</Filter>
    </ClInclude>
    <ClInclude Include="..\..\src\upnp\inc\parsetools.h">
      <Filter>Header Files\inc</Filter>
    </ClInclude>
    <ClInclude Include="..\..\src\upnp\inc\server.h">
      <Filter>Header Files\inc</Filter>
    </ClInclude>
    <ClInclude Include="..\..\src\upnp\inc\service_table.h">
      <Filter>Header Files\inc</Filter>
    </ClInclude>
    <ClInclude Include="..\..\src\upnp\inc\soaplib.h">
      <Filter>Header Files\inc</Filter>
    </ClInclude>
    <ClInclude Include="..\..\src\upnp\inc\sock.h">
      <Filter>Header Files\inc</Filter>
    </ClInclude>
    <ClInclude Include="..\..\src\upnp\inc\ssdplib.h">
      <Filter>Header Files\inc</Filter>
    </ClInclude>
    <ClInclude Include="..\..\src\upnp\inc\statcodes.h">
      <Filter>Header Files\inc</Filter>
    </ClInclude>
    <ClInclude Include="..\..\src\upnp\inc\statuscodes.h">
      <Filter>Header Files\inc</Filter>
    </ClInclude>
    <ClInclude Include="..\..\src\upnp\inc\strintmap.h">
      <Filter>Header Files\inc</Filter>
    </ClInclude>
    <ClInclude Include="..\..\src\upnp\inc\sysdep.h">
      <Filter>Header Files\inc</Filter>
    </ClInclude>
    <ClInclude Include="..\..\src\upnp\inc\unixutil.h">
      <Filter>Header Files\inc</Filter>
    </ClInclude>
    <ClInclude Include="..\..\src\upnp\inc\upnp_timeout.h">
      <Filter>Header Files\inc</Filter>
    </ClInclude>
    <ClInclude Include="..\..\src\upnp\inc\upnpapi.h">
      <Filter>Header Files\inc</Filter>
    </ClInclude>
    <ClInclude Include="..\..\src\upnp\inc\upnputil.h">
      <Filter>Header Files\inc</Filter>
    </ClInclude>
    <ClInclude Include="..\..\src\upnp\inc\uri.h">
      <Filter>Header Files\inc</Filter>
    </ClInclude>
    <ClInclude Include="..\..\src\upnp\inc\urlconfig.h">
      <Filter>Header Files\inc</Filter>
    </ClInclude>
    <ClInclude Include="..\..\src\upnp\inc\uuid.h">
      <Filter>Header Files\inc</Filter>
    </ClInclude>
    <ClInclude Include="..\..\src\upnp\inc\VirtualDir.h">
      <Filter>Header Files\inc</Filter>
    </ClInclude>
    <ClInclude Include="..\..\src\upnp\inc\webserver.h">
      <Filter>Header Files\inc</Filter>
    </ClInclude>
    <ClInclude Include="..\..\src\upnp\ssdp\ssdp_ResultData.h">
      <Filter>Header Files\ssdp</Filter>
    </ClInclude>
  </ItemGroup>
  <ItemGroup>
    <None Include="..\..\include\upnp\LICENSE" />
    <None Include="..\..\include\upnp\upnpconfig.h.in" />
  </ItemGroup>
  <ItemGroup>
    <ClCompile Include="..\..\src\upnp\inet_pton.c">
      <Filter>Source Files</Filter>
    </ClCompile>
    <ClCompile Include="..\..\src\upnp\win_dll.c">
      <Filter>Source Files</Filter>
    </ClCompile>
    <ClCompile Include="..\..\src\upnp\api\ActionComplete.c">
      <Filter>Source Files\api</Filter>
    </ClCompile>
    <ClCompile Include="..\..\src\upnp\api\ActionRequest.c">
      <Filter>Source Files\api</Filter>
    </ClCompile>
    <ClCompile Include="..\..\src\upnp\api\Discovery.c">
      <Filter>Source Files\api</Filter>
    </ClCompile>
    <ClCompile Include="..\..\src\upnp\api\Event.c">
      <Filter>Source Files\api</Filter>
    </ClCompile>
    <ClCompile Include="..\..\src\upnp\api\EventSubscribe.c">
      <Filter>Source Files\api</Filter>
    </ClCompile>
    <ClCompile Include="..\..\src\upnp\api\FileInfo.c">
      <Filter>Source Files\api</Filter>
    </ClCompile>
    <ClCompile Include="..\..\src\upnp\api\StateVarComplete.c">
      <Filter>Source Files\api</Filter>
    </ClCompile>
    <ClCompile Include="..\..\src\upnp\api\StateVarRequest.c">
      <Filter>Source Files\api</Filter>
    </ClCompile>
    <ClCompile Include="..\..\src\upnp\api\SubscriptionRequest.c">
      <Filter>Source Files\api</Filter>
    </ClCompile>
    <ClCompile Include="..\..\src\upnp\api\upnpapi.c">
      <Filter>Source Files\api</Filter>
    </ClCompile>
    <ClCompile Include="..\..\src\upnp\api\upnpdebug.c">
      <Filter>Source Files\api</Filter>
    </ClCompile>
    <ClCompile Include="..\..\src\upnp\api\UpnpString.c">
      <Filter>Source Files\api</Filter>
    </ClCompile>
    <ClCompile Include="..\..\src\upnp\api\upnptools.c">
      <Filter>Source Files\api</Filter>
    </ClCompile>
    <ClCompile Include="..\..\src\upnp\gena\gena_callback2.c">
      <Filter>Source Files\gena</Filter>
    </ClCompile>
    <ClCompile Include="..\..\src\upnp\gena\gena_ctrlpt.c">
      <Filter>Source Files\gena</Filter>
    </ClCompile>
    <ClCompile Include="..\..\src\upnp\gena\gena_device.c">
      <Filter>Source Files\gena</Filter>
    </ClCompile>
    <ClCompile Include="..\..\src\upnp\genlib\client_table\client_table.c">
      <Filter>Source Files\genlib\client_table</Filter>
    </ClCompile>
    <ClCompile Include="..\..\src\upnp\genlib\client_table\ClientSubscription.c">
      <Filter>Source Files\genlib\client_table</Filter>
    </ClCompile>
    <ClCompile Include="..\..\src\upnp\genlib\miniserver\miniserver.c">
      <Filter>Source Files\genlib\miniserver</Filter>
    </ClCompile>
    <ClCompile Include="..\..\src\upnp\genlib\net\sock.c">
      <Filter>Source Files\genlib\net</Filter>
    </ClCompile>
    <ClCompile Include="..\..\src\upnp\genlib\net\http\httpparser.c">
      <Filter>Source Files\genlib\net\http</Filter>
    </ClCompile>
    <ClCompile Include="..\..\src\upnp\genlib\net\http\httpreadwrite.c">
      <Filter>Source Files\genlib\net\http</Filter>
    </ClCompile>
    <ClCompile Include="..\..\src\upnp\genlib\net\http\parsetools.c">
      <Filter>Source Files\genlib\net\http</Filter>
    </ClCompile>
    <ClCompile Include="..\..\src\upnp\genlib\net\http\statcodes.c">
      <Filter>Source Files\genlib\net\http</Filter>
    </ClCompile>
    <ClCompile Include="..\..\src\upnp\genlib\net\http\webserver.c">
      <Filter>Source Files\genlib\net\http</Filter>
    </ClCompile>
    <ClCompile Include="..\..\src\upnp\genlib\net\uri\uri.c">
      <Filter>Source Files\genlib\net\uri</Filter>
    </ClCompile>
    <ClCompile Include="..\..\src\upnp\genlib\util\membuffer.c">
      <Filter>Source Files\genlib\util</Filter>
    </ClCompile>
    <ClCompile Include="..\..\src\upnp\genlib\util\strintmap.c">
      <Filter>Source Files\genlib\util</Filter>
    </ClCompile>
    <ClCompile Include="..\..\src\upnp\genlib\util\upnp_timeout.c">
      <Filter>Source Files\genlib\util</Filter>
    </ClCompile>
    <ClCompile Include="..\..\src\upnp\genlib\util\util.c">
      <Filter>Source Files\genlib\util</Filter>
    </ClCompile>
    <ClCompile Include="..\..\src\upnp\genlib\service_table\service_table.c">
      <Filter>Source Files\genlib\service_table</Filter>
    </ClCompile>
    <ClCompile Include="..\..\src\upnp\uuid\md5.c">
      <Filter>Source Files\uuid</Filter>
    </ClCompile>
    <ClCompile Include="..\..\src\upnp\uuid\sysdep.c">
      <Filter>Source Files\uuid</Filter>
    </ClCompile>
    <ClCompile Include="..\..\src\upnp\uuid\uuid.c">
      <Filter>Source Files\uuid</Filter>
    </ClCompile>
    <ClCompile Include="..\..\src\upnp\ssdp\ssdp_ctrlpt.c">
      <Filter>Source Files\ssdp</Filter>
    </ClCompile>
    <ClCompile Include="..\..\src\upnp\ssdp\ssdp_device.c">
      <Filter>Source Files\ssdp</Filter>
    </ClCompile>
    <ClCompile Include="..\..\src\upnp\ssdp\ssdp_ResultData.c">
      <Filter>Source Files\ssdp</Filter>
    </ClCompile>
    <ClCompile Include="..\..\src\upnp\ssdp\ssdp_server.c">
      <Filter>Source Files\ssdp</Filter>
    </ClCompile>
    <ClCompile Include="..\..\src\upnp\urlconfig\urlconfig.c">
      <Filter>Source Files\urlconfig</Filter>
    </ClCompile>
    <ClCompile Include="..\..\src\upnp\soap\soap_common.c">
      <Filter>Source Files\soap</Filter>
    </ClCompile>
    <ClCompile Include="..\..\src\upnp\soap\soap_ctrlpt.c">
      <Filter>Source Files\soap</Filter>
    </ClCompile>
    <ClCompile Include="..\..\src\upnp\soap\soap_device.c">
      <Filter>Source Files\soap</Filter>
    </ClCompile>
  </ItemGroup>
</Project>