<?xml version="1.0" encoding="utf-8"?>
<Project ToolsVersion="4.0" xmlns="http://schemas.microsoft.com/developer/msbuild/2003">
  <ItemGroup>
    <Filter Include="Source Files">
      <UniqueIdentifier>{4FC737F1-C7A5-4376-A066-2A32D752A2FF}</UniqueIdentifier>
      <Extensions>cpp;c;cc;cxx;def;odl;idl;hpj;bat;asm;asmx</Extensions>
    </Filter>
    <Filter Include="Header Files">
      <UniqueIdentifier>{93995380-89BD-4b04-88EB-625FBE52EBFB}</UniqueIdentifier>
      <Extensions>h;hpp;hxx;hm;inl;inc;xsd</Extensions>
    </Filter>
    <Filter Include="Resource Files">
      <UniqueIdentifier>{67DA6AB6-F800-4c08-8B7A-83BB121AAD01}</UniqueIdentifier>
      <Extensions>rc;ico;cur;bmp;dlg;rc2;rct;bin;rgs;gif;jpg;jpeg;jpe;resx;tiff;tif;png;wav;mfcribbon-ms</Extensions>
    </Filter>
    <Filter Include="Source Files\api">
      <UniqueIdentifier>{4e3460b6-760b-4528-affe-e9709489c032}</UniqueIdentifier>
    </Filter>
    <Filter Include="Source Files\gena">
      <UniqueIdentifier>{8a1a4873-028f-4c95-b123-dd0c2107ba0f}</UniqueIdentifier>
    </Filter>
    <Filter Include="Source Files\genalib">
      <UniqueIdentifier>{59f890d2-8066-4516-a10f-354b7e255f16}</UniqueIdentifier>
    </Filter>
    <Filter Include="Source Files\genalib\client_table">
      <UniqueIdentifier>{20956fd5-939f-47e2-a8d1-2416b19b16b5}</UniqueIdentifier>
    </Filter>
    <Filter Include="Source Files\genalib\miniserver">
      <UniqueIdentifier>{2a98a0fc-8c80-4886-95b1-8a2d958cb0ee}</UniqueIdentifier>
    </Filter>
    <Filter Include="Source Files\genalib\net">
      <UniqueIdentifier>{21191674-dd3b-451a-9805-7a84b1ac0b7c}</UniqueIdentifier>
    </Filter>
    <Filter Include="Source Files\genalib\net\http">
      <UniqueIdentifier>{f1f6c5a9-ff6f-40d9-9f30-395a1e44119b}</UniqueIdentifier>
    </Filter>
    <Filter Include="Source Files\genalib\net\uri">
      <UniqueIdentifier>{e78e9a34-4c4d-43cb-8cfc-83b69e0cbec0}</UniqueIdentifier>
    </Filter>
    <Filter Include="Header Files\inc">
      <UniqueIdentifier>{ea38cc58-5986-4415-9edb-368b152cf074}</UniqueIdentifier>
    </Filter>
    <Filter Include="Source Files\soap">
      <UniqueIdentifier>{982b8a48-7ad7-4b5d-af89-303ccdd1c0b0}</UniqueIdentifier>
    </Filter>
    <Filter Include="Source Files\ssdp">
      <UniqueIdentifier>{cc72c225-868f-49c2-9207-1b0362c5d78e}</UniqueIdentifier>
    </Filter>
    <Filter Include="Header Files\ssdp">
      <UniqueIdentifier>{6108cc59-f174-4904-bcd5-86a412ae8d4a}</UniqueIdentifier>
    </Filter>
    <Filter Include="Source Files\urlconfig">
      <UniqueIdentifier>{bfcfbe91-d340-4299-87e1-6722346190de}</UniqueIdentifier>
    </Filter>
    <Filter Include="Source Files\uuid">
      <UniqueIdentifier>{277f1265-fb5e-40d2-9ae9-ac5e115f802b}</UniqueIdentifier>
    </Filter>
    <Filter Include="Source Files\genalib\service_table">
      <UniqueIdentifier>{f87555a4-eb9c-405e-a761-a0eca1804f6c}</UniqueIdentifier>
    </Filter>
    <Filter Include="Source Files\genalib\util">
      <UniqueIdentifier>{dc551dc6-a3f5-46ee-9252-aff0e7bec8b2}</UniqueIdentifier>
    </Filter>
  </ItemGroup>
  <ItemGroup>
    <ClInclude Include="..\..\upnp\inc\ActionComplete.h">
      <Filter>Header Files</Filter>
    </ClInclude>
    <ClInclude Include="..\..\upnp\inc\ActionRequest.h">
      <Filter>Header Files</Filter>
    </ClInclude>
    <ClInclude Include="..\..\upnp\inc\Callback.h">
      <Filter>Header Files</Filter>
    </ClInclude>
    <ClInclude Include="..\..\upnp\inc\Discovery.h">
      <Filter>Header Files</Filter>
    </ClInclude>
    <ClInclude Include="..\..\upnp\inc\Event.h">
      <Filter>Header Files</Filter>
    </ClInclude>
    <ClInclude Include="..\..\upnp\inc\EventSubscribe.h">
      <Filter>Header Files</Filter>
    </ClInclude>
    <ClInclude Include="..\..\upnp\inc\FileInfo.h">
      <Filter>Header Files</Filter>
    </ClInclude>
    <ClInclude Include="..\..\upnp\inc\list.h">
      <Filter>Header Files</Filter>
    </ClInclude>
    <ClInclude Include="..\..\upnp\inc\poison.h">
      <Filter>Header Files</Filter>
    </ClInclude>
    <ClInclude Include="..\..\upnp\inc\StateVarComplete.h">
      <Filter>Header Files</Filter>
    </ClInclude>
    <ClInclude Include="..\..\upnp\inc\StateVarRequest.h">
      <Filter>Header Files</Filter>
    </ClInclude>
    <ClInclude Include="..\..\upnp\inc\SubscriptionRequest.h">
      <Filter>Header Files</Filter>
    </ClInclude>
    <ClInclude Include="..\..\upnp\inc\TemplateInclude.h">
      <Filter>Header Files</Filter>
    </ClInclude>
    <ClInclude Include="..\..\upnp\inc\TemplateSource.h">
      <Filter>Header Files</Filter>
    </ClInclude>
    <ClInclude Include="..\..\upnp\inc\TemplateUndef.h">
      <Filter>Header Files</Filter>
    </ClInclude>
    <ClInclude Include="..\..\upnp\inc\upnp.h">
      <Filter>Header Files</Filter>
    </ClInclude>
    <ClInclude Include="..\..\upnp\inc\upnpdebug.h">
      <Filter>Header Files</Filter>
    </ClInclude>
    <ClInclude Include="..\..\upnp\inc\UpnpGlobal.h">
      <Filter>Header Files</Filter>
    </ClInclude>
    <ClInclude Include="..\..\upnp\inc\UpnpInet.h">
      <Filter>Header Files</Filter>
    </ClInclude>
    <ClInclude Include="..\..\upnp\inc\UpnpIntTypes.h">
      <Filter>Header Files</Filter>
    </ClInclude>
    <ClInclude Include="..\..\upnp\inc\UpnpStdInt.h">
      <Filter>Header Files</Filter>
    </ClInclude>
    <ClInclude Include="..\..\upnp\inc\UpnpString.h">
      <Filter>Header Files</Filter>
    </ClInclude>
    <ClInclude Include="..\..\upnp\inc\upnptools.h">
      <Filter>Header Files</Filter>
    </ClInclude>
    <ClInclude Include="..\..\upnp\inc\UpnpUniStd.h">
      <Filter>Header Files</Filter>
    </ClInclude>
    <ClInclude Include="..\..\upnp\src\inc\client_table.h">
      <Filter>Header Files\inc</Filter>
    </ClInclude>
    <ClInclude Include="..\..\upnp\src\inc\ClientSubscription.h">
      <Filter>Header Files\inc</Filter>
    </ClInclude>
    <ClInclude Include="..\..\upnp\src\inc\config.h">
      <Filter>Header Files\inc</Filter>
    </ClInclude>
    <ClInclude Include="..\..\upnp\src\inc\gena.h">
      <Filter>Header Files\inc</Filter>
    </ClInclude>
    <ClInclude Include="..\..\upnp\src\inc\gena_ctrlpt.h">
      <Filter>Header Files\inc</Filter>
    </ClInclude>
    <ClInclude Include="..\..\upnp\src\inc\gena_device.h">
      <Filter>Header Files\inc</Filter>
    </ClInclude>
    <ClInclude Include="..\..\upnp\src\inc\global.h">
      <Filter>Header Files\inc</Filter>
    </ClInclude>
    <ClInclude Include="..\..\upnp\src\inc\gmtdate.h">
      <Filter>Header Files\inc</Filter>
    </ClInclude>
    <ClInclude Include="..\..\upnp\src\inc\httpparser.h">
      <Filter>Header Files\inc</Filter>
    </ClInclude>
    <ClInclude Include="..\..\upnp\src\inc\httpreadwrite.h">
      <Filter>Header Files\inc</Filter>
    </ClInclude>
    <ClInclude Include="..\..\upnp\src\inc\inet_pton.h">
      <Filter>Header Files\inc</Filter>
    </ClInclude>
    <ClInclude Include="..\..\upnp\src\inc\md5.h">
      <Filter>Header Files\inc</Filter>
    </ClInclude>
    <ClInclude Include="..\..\upnp\src\inc\membuffer.h">
      <Filter>Header Files\inc</Filter>
    </ClInclude>
    <ClInclude Include="..\..\upnp\src\inc\miniserver.h">
      <Filter>Header Files\inc</Filter>
    </ClInclude>
    <ClInclude Include="..\..\upnp\src\inc\netall.h">
      <Filter>Header Files\inc</Filter>
    </ClInclude>
    <ClInclude Include="..\..\upnp\src\inc\parsetools.h">
      <Filter>Header Files\inc</Filter>
    </ClInclude>
    <ClInclude Include="..\..\upnp\src\inc\server.h">
      <Filter>Header Files\inc</Filter>
    </ClInclude>
    <ClInclude Include="..\..\upnp\src\inc\service_table.h">
      <Filter>Header Files\inc</Filter>
    </ClInclude>
    <ClInclude Include="..\..\upnp\src\inc\soaplib.h">
      <Filter>Header Files\inc</Filter>
    </ClInclude>
    <ClInclude Include="..\..\upnp\src\inc\sock.h">
      <Filter>Header Files\inc</Filter>
    </ClInclude>
    <ClInclude Include="..\..\upnp\src\inc\ssdplib.h">
      <Filter>Header Files\inc</Filter>
    </ClInclude>
    <ClInclude Include="..\..\upnp\src\inc\statcodes.h">
      <Filter>Header Files\inc</Filter>
    </ClInclude>
    <ClInclude Include="..\..\upnp\src\inc\statuscodes.h">
      <Filter>Header Files\inc</Filter>
    </ClInclude>
    <ClInclude Include="..\..\upnp\src\inc\strintmap.h">
      <Filter>Header Files\inc</Filter>
    </ClInclude>
    <ClInclude Include="..\..\upnp\src\inc\sysdep.h">
      <Filter>Header Files\inc</Filter>
    </ClInclude>
    <ClInclude Include="..\..\upnp\src\inc\unixutil.h">
      <Filter>Header Files\inc</Filter>
    </ClInclude>
    <ClInclude Include="..\..\upnp\src\inc\upnp_timeout.h">
      <Filter>Header Files\inc</Filter>
    </ClInclude>
    <ClInclude Include="..\..\upnp\src\inc\upnpapi.h">
      <Filter>Header Files\inc</Filter>
    </ClInclude>
    <ClInclude Include="..\..\upnp\src\inc\upnputil.h">
      <Filter>Header Files\inc</Filter>
    </ClInclude>
    <ClInclude Include="..\..\upnp\src\inc\uri.h">
      <Filter>Header Files\inc</Filter>
    </ClInclude>
    <ClInclude Include="..\..\upnp\src\inc\urlconfig.h">
      <Filter>Header Files\inc</Filter>
    </ClInclude>
    <ClInclude Include="..\..\upnp\src\inc\uuid.h">
      <Filter>Header Files\inc</Filter>
    </ClInclude>
    <ClInclude Include="..\..\upnp\src\inc\VirtualDir.h">
      <Filter>Header Files\inc</Filter>
    </ClInclude>
    <ClInclude Include="..\..\upnp\src\inc\webserver.h">
      <Filter>Header Files\inc</Filter>
    </ClInclude>
    <ClInclude Include="..\..\upnp\src\ssdp\ssdp_ResultData.h">
      <Filter>Header Files\ssdp</Filter>
    </ClInclude>
  </ItemGroup>
  <ItemGroup>
    <ClCompile Include="..\..\upnp\src\inet_pton.c">
      <Filter>Source Files</Filter>
    </ClCompile>
    <ClCompile Include="..\..\upnp\src\win_dll.c">
      <Filter>Source Files</Filter>
    </ClCompile>
    <ClCompile Include="..\..\upnp\src\api\ActionComplete.c">
      <Filter>Source Files\api</Filter>
    </ClCompile>
    <ClCompile Include="..\..\upnp\src\api\ActionRequest.c">
      <Filter>Source Files\api</Filter>
    </ClCompile>
    <ClCompile Include="..\..\upnp\src\api\Discovery.c">
      <Filter>Source Files\api</Filter>
    </ClCompile>
    <ClCompile Include="..\..\upnp\src\api\Event.c">
      <Filter>Source Files\api</Filter>
    </ClCompile>
    <ClCompile Include="..\..\upnp\src\api\EventSubscribe.c">
      <Filter>Source Files\api</Filter>
    </ClCompile>
    <ClCompile Include="..\..\upnp\src\api\FileInfo.c">
      <Filter>Source Files\api</Filter>
    </ClCompile>
    <ClCompile Include="..\..\upnp\src\api\StateVarComplete.c">
      <Filter>Source Files\api</Filter>
    </ClCompile>
    <ClCompile Include="..\..\upnp\src\api\StateVarRequest.c">
      <Filter>Source Files\api</Filter>
    </ClCompile>
    <ClCompile Include="..\..\upnp\src\api\SubscriptionRequest.c">
      <Filter>Source Files\api</Filter>
    </ClCompile>
    <ClCompile Include="..\..\upnp\src\api\upnpapi.c">
      <Filter>Source Files\api</Filter>
    </ClCompile>
    <ClCompile Include="..\..\upnp\src\api\upnpdebug.c">
      <Filter>Source Files\api</Filter>
    </ClCompile>
    <ClCompile Include="..\..\upnp\src\api\UpnpString.c">
      <Filter>Source Files\api</Filter>
    </ClCompile>
    <ClCompile Include="..\..\upnp\src\api\upnptools.c">
      <Filter>Source Files\api</Filter>
    </ClCompile>
    <ClCompile Include="..\..\upnp\src\gena\gena_callback2.c">
      <Filter>Source Files\gena</Filter>
    </ClCompile>
    <ClCompile Include="..\..\upnp\src\gena\gena_ctrlpt.c">
      <Filter>Source Files\gena</Filter>
    </ClCompile>
    <ClCompile Include="..\..\upnp\src\gena\gena_device.c">
      <Filter>Source Files\gena</Filter>
    </ClCompile>
    <ClCompile Include="..\..\upnp\src\genlib\client_table\client_table.c">
      <Filter>Source Files\genalib\client_table</Filter>
    </ClCompile>
    <ClCompile Include="..\..\upnp\src\genlib\client_table\ClientSubscription.c">
      <Filter>Source Files\genalib\client_table</Filter>
    </ClCompile>
    <ClCompile Include="..\..\upnp\src\genlib\miniserver\miniserver.c">
      <Filter>Source Files\genalib\miniserver</Filter>
    </ClCompile>
    <ClCompile Include="..\..\upnp\src\genlib\net\sock.c">
      <Filter>Source Files\genalib\net</Filter>
    </ClCompile>
    <ClCompile Include="..\..\upnp\src\genlib\net\http\httpparser.c">
      <Filter>Source Files\genalib\net\http</Filter>
    </ClCompile>
    <ClCompile Include="..\..\upnp\src\genlib\net\http\httpreadwrite.c">
      <Filter>Source Files\genalib\net\http</Filter>
    </ClCompile>
    <ClCompile Include="..\..\upnp\src\genlib\net\http\parsetools.c">
      <Filter>Source Files\genalib\net\http</Filter>
    </ClCompile>
    <ClCompile Include="..\..\upnp\src\genlib\net\http\statcodes.c">
      <Filter>Source Files\genalib\net\http</Filter>
    </ClCompile>
    <ClCompile Include="..\..\upnp\src\genlib\net\http\webserver.c">
      <Filter>Source Files\genalib\net\http</Filter>
    </ClCompile>
    <ClCompile Include="..\..\upnp\src\genlib\net\uri\uri.c">
      <Filter>Source Files\genalib\net\uri</Filter>
    </ClCompile>
    <ClCompile Include="..\..\upnp\src\soap\soap_common.c">
      <Filter>Source Files\soap</Filter>
    </ClCompile>
    <ClCompile Include="..\..\upnp\src\soap\soap_ctrlpt.c">
      <Filter>Source Files\soap</Filter>
    </ClCompile>
    <ClCompile Include="..\..\upnp\src\soap\soap_device.c">
      <Filter>Source Files\soap</Filter>
    </ClCompile>
    <ClCompile Include="..\..\upnp\src\ssdp\ssdp_ctrlpt.c">
      <Filter>Source Files\ssdp</Filter>
    </ClCompile>
    <ClCompile Include="..\..\upnp\src\ssdp\ssdp_device.c">
      <Filter>Source Files\ssdp</Filter>
    </ClCompile>
    <ClCompile Include="..\..\upnp\src\ssdp\ssdp_ResultData.c">
      <Filter>Source Files\ssdp</Filter>
    </ClCompile>
    <ClCompile Include="..\..\upnp\src\ssdp\ssdp_server.c">
      <Filter>Source Files\ssdp</Filter>
    </ClCompile>
    <ClCompile Include="..\..\upnp\src\urlconfig\urlconfig.c">
      <Filter>Source Files\urlconfig</Filter>
    </ClCompile>
    <ClCompile Include="..\..\upnp\src\uuid\md5.c">
      <Filter>Source Files\uuid</Filter>
    </ClCompile>
    <ClCompile Include="..\..\upnp\src\uuid\sysdep.c">
      <Filter>Source Files\uuid</Filter>
    </ClCompile>
    <ClCompile Include="..\..\upnp\src\uuid\uuid.c">
      <Filter>Source Files\uuid</Filter>
    </ClCompile>
    <ClCompile Include="..\..\upnp\src\genlib\util\membuffer.c">
      <Filter>Source Files\genalib\util</Filter>
    </ClCompile>
    <ClCompile Include="..\..\upnp\src\genlib\util\strintmap.c">
      <Filter>Source Files\genalib\util</Filter>
    </ClCompile>
    <ClCompile Include="..\..\upnp\src\genlib\util\upnp_timeout.c">
      <Filter>Source Files\genalib\util</Filter>
    </ClCompile>
    <ClCompile Include="..\..\upnp\src\genlib\util\util.c">
      <Filter>Source Files\genalib\util</Filter>
    </ClCompile>
    <ClCompile Include="..\..\upnp\src\genlib\service_table\service_table.c">
      <Filter>Source Files\genalib\service_table</Filter>
    </ClCompile>
  </ItemGroup>
</Project>